
Microsoft Visual Studio Solution File, Format Version 12.00
# Visual Studio 2012
Project("{FAE04EC0-301F-11D3-BF4B-00C04F79EFBC}") = "MasterClient", "MasterClient.csproj", "{11EA2CC0-AA98-4EEE-B34C-F1B0BAC0B015}"
EndProject
Global
	GlobalSection(SolutionConfigurationPlatforms) = preSolution
		Debug|x86 = Debug|x86
		Release|x86 = Release|x86
	EndGlobalSection
	GlobalSection(ProjectConfigurationPlatforms) = postSolution
		{11EA2CC0-AA98-4EEE-B34C-F1B0BAC0B015}.Debug|x86.ActiveCfg = Debug|x86
		{11EA2CC0-AA98-4EEE-B34C-F1B0BAC0B015}.Debug|x86.Build.0 = Debug|x86
		{11EA2CC0-AA98-4EEE-B34C-F1B0BAC0B015}.Release|x86.ActiveCfg = Release|x86
		{11EA2CC0-AA98-4EEE-B34C-F1B0BAC0B015}.Release|x86.Build.0 = Release|x86
	EndGlobalSection
EndGlobal
